{
  "version": 2,
  "dependencies": {
    "net7.0": {
      "GitInfo": {
        "type": "Direct",
        "requested": "[3.0.4, )",
        "resolved": "3.0.4",
        "contentHash": "Vf8Kq711RK3FZX/D8nrM3w1bGhKVZd3WxoYzPTV5pAowglVYrxvgK7Z/HdJEL+/L4qsqWPyB0tADGNEZ+RmdTw==",
        "dependencies": {
          "Devlooped.SponsorLink": "0.9.7",
          "ThisAssembly.Constants": "1.2.9"
        }
      },
      "Microsoft.AspNetCore.OpenApi": {
        "type": "Direct",
        "requested": "[7.0.4, )",
        "resolved": "7.0.4",
        "contentHash": "1zlq5/xtbC9AyNHK2EBaL2RuCepoWHAXSxN68io/nndYLOTz/tgGmwtJvDZkUzFYooAXaNlavzcRlgS4muqgOA==",
        "dependencies": {
          "Microsoft.OpenApi": "1.4.3"
        }
      },
      "Swashbuckle.AspNetCore": {
        "type": "Direct",
        "requested": "[6.5.0, )",
        "resolved": "6.5.0",
        "contentHash": "FK05XokgjgwlCI6wCT+D4/abtQkL1X1/B9Oas6uIwHFmYrIO9WUD5aLC9IzMs9GnHfUXOtXZ2S43gN1mhs5+aA==",
        "dependencies": {
          "Microsoft.Extensions.ApiDescription.Server": "6.0.5",
          "Swashbuckle.AspNetCore.Swagger": "6.5.0",
          "Swashbuckle.AspNetCore.SwaggerGen": "6.5.0",
          "Swashbuckle.AspNetCore.SwaggerUI": "6.5.0"
        }
      },
      "Devlooped.SponsorLink": {
        "type": "Transitive",
        "resolved": "0.9.7",
        "contentHash": "xYThc9YcXRxnE8nDA6kuAiqhwQdqwRl6dGpH44sMimfPqOe5i54Y6ZL+LMQNWeO498sl72DB//tQEcj/yByMZw=="
      },
      "Microsoft.CSharp": {
        "type": "Transitive",
        "resolved": "4.7.0",
        "contentHash": "pTj+D3uJWyN3My70i2Hqo+OXixq3Os2D1nJ2x92FFo6sk8fYS1m1WLNTs0Dc1uPaViH0YvEEwvzddQ7y4rhXmA=="
      },
      "Microsoft.Extensions.ApiDescription.Server": {
        "type": "Transitive",
        "resolved": "6.0.5",
        "contentHash": "Ckb5EDBUNJdFWyajfXzUIMRkhf52fHZOQuuZg/oiu8y7zDCVwD0iHhew6MnThjHmevanpxL3f5ci2TtHQEN6bw=="
      },
      "Microsoft.OpenApi": {
        "type": "Transitive",
        "resolved": "1.4.3",
        "contentHash": "rURwggB+QZYcSVbDr7HSdhw/FELvMlriW10OeOzjPT7pstefMo7IThhtNtDudxbXhW+lj0NfX72Ka5EDsG8x6w=="
      },
      "Swashbuckle.AspNetCore.Swagger": {
        "type": "Transitive",
        "resolved": "6.5.0",
        "contentHash": "XWmCmqyFmoItXKFsQSwQbEAsjDKcxlNf1l+/Ki42hcb6LjKL8m5Db69OTvz5vLonMSRntYO1XLqz0OP+n3vKnA==",
        "dependencies": {
          "Microsoft.OpenApi": "1.2.3"
        }
      },
      "Swashbuckle.AspNetCore.SwaggerGen": {
        "type": "Transitive",
        "resolved": "6.5.0",
        "contentHash": "Y/qW8Qdg9OEs7V013tt+94OdPxbRdbhcEbw4NiwGvf4YBcfhL/y7qp/Mjv/cENsQ2L3NqJ2AOu94weBy/h4KvA==",
        "dependencies": {
          "Swashbuckle.AspNetCore.Swagger": "6.5.0"
        }
      },
      "Swashbuckle.AspNetCore.SwaggerUI": {
        "type": "Transitive",
        "resolved": "6.5.0",
        "contentHash": "OvbvxX+wL8skxTBttcBsVxdh73Fag4xwqEU2edh4JMn7Ws/xJHnY/JB1e9RoCb6XpDxUF3hD9A0Z1lEUx40Pfw=="
      },
      "System.Threading.Tasks.Extensions": {
        "type": "Transitive",
        "resolved": "4.5.4",
        "contentHash": "zteT+G8xuGu6mS+mzDzYXbzS7rd3K6Fjb9RiZlYlJPam2/hU7JCBZBVEcywNuR+oZ1ncTvc/cq0faRr3P01OVg=="
      },
      "ThisAssembly.Constants": {
        "type": "Transitive",
        "resolved": "1.2.9",
        "contentHash": "m7iXDuKHmLbO9u1JZunywWWdf5sz7hXIqiELiKtI2fHpZhERvlhUQde13bAuV2cwVlnhk7CqdzCDhvkfX33Kkg==",
        "dependencies": {
          "Devlooped.SponsorLink": "0.9.6",
          "Microsoft.CSharp": "4.7.0",
          "System.Threading.Tasks.Extensions": "4.5.4",
          "ThisAssembly.Prerequisites": "1.2.9"
        }
      },
      "ThisAssembly.Prerequisites": {
        "type": "Transitive",
        "resolved": "1.2.9",
        "contentHash": "GDalNu2I9tCNObQBLkRWefrdkS8MqT9nM9HxA+80jCEr7J7aKBRaMqoHe3d0jHJNl7tABdpYRqFlrp8NioX6RQ=="
      }
    }
  }
}